
Microsoft Visual Studio Solution File, Format Version 12.00
# Visual Studio Version 17
VisualStudioVersion = 17.0.31903.59
MinimumVisualStudioVersion = 10.0.40219.1
Project("{FAE04EC0-301F-11D3-BF4B-00C04F79EFBC}") = "Admin.NET.Core", "Admin.NET.Core\Admin.NET.Core.csproj", "{4A0A3713-68E5-4C04-BD41-7B8B1894B229}"
EndProject
Project("{FAE04EC0-301F-11D3-BF4B-00C04F79EFBC}") = "Admin.NET.Application", "Admin.NET.Application\Admin.NET.Application.csproj", "{6F990CEF-3BDB-4291-A8FE-B7207BD7A1B1}"
EndProject
Project("{FAE04EC0-301F-11D3-BF4B-00C04F79EFBC}") = "Admin.NET.Web.Core", "Admin.NET.Web.Core\Admin.NET.Web.Core.csproj", "{6A34EA8D-5630-47DD-8D6B-DB31021FE410}"
EndProject
Project("{FAE04EC0-301F-11D3-BF4B-00C04F79EFBC}") = "Admin.NET.Web.Entry", "Admin.NET.Web.Entry\Admin.NET.Web.Entry.csproj", "{9D035AF0-4B7F-4B81-8BCA-5DE32A77209A}"
EndProject
Project("{FAE04EC0-301F-11D3-BF4B-00C04F79EFBC}") = "Admin.NET.Application101", "Admin.NET.Application101\Admin.NET.Application101.csproj", "{0623196E-A50C-4F4C-AF32-4ED0A0C7DE4D}"
EndProject
Project("{2150E333-8FDC-42A3-9474-1A3956D46DE8}") = "tests", "tests", "{0AB3BF05-4346-4AA6-1389-037BE0695223}"
EndProject
Project("{FAE04EC0-301F-11D3-BF4B-00C04F79EFBC}") = "Admin.NET.Application101.Tests", "tests\Admin.NET.Application101.Tests\Admin.NET.Application101.Tests.csproj", "{67DABB85-8995-4550-840C-754E1B992428}"
EndProject
Project("{FAE04EC0-301F-11D3-BF4B-00C04F79EFBC}") = "Admin.NET.Core101", "Admin.NET.Core101\Admin.NET.Core101.csproj", "{74DD37C7-420C-4790-BF4C-EA59B0D19ED5}"
EndProject
Project("{FAE04EC0-301F-11D3-BF4B-00C04F79EFBC}") = "Admin.NET.Core101.Tests", "tests\Admin.NET.Core101.Tests\Admin.NET.Core101.Tests.csproj", "{4C3E822B-F735-41A2-A487-DD46D8AE5F8D}"
EndProject
Global
	GlobalSection(SolutionConfigurationPlatforms) = preSolution
		Debug|Any CPU = Debug|Any CPU
		Debug|x64 = Debug|x64
		Debug|x86 = Debug|x86
		Release|Any CPU = Release|Any CPU
		Release|x64 = Release|x64
		Release|x86 = Release|x86
	EndGlobalSection
	GlobalSection(ProjectConfigurationPlatforms) = postSolution
		{4A0A3713-68E5-4C04-BD41-7B8B1894B229}.Debug|Any CPU.ActiveCfg = Debug|Any CPU
		{4A0A3713-68E5-4C04-BD41-7B8B1894B229}.Debug|Any CPU.Build.0 = Debug|Any CPU
		{4A0A3713-68E5-4C04-BD41-7B8B1894B229}.Debug|x64.ActiveCfg = Debug|Any CPU
		{4A0A3713-68E5-4C04-BD41-7B8B1894B229}.Debug|x64.Build.0 = Debug|Any CPU
		{4A0A3713-68E5-4C04-BD41-7B8B1894B229}.Debug|x86.ActiveCfg = Debug|Any CPU
		{4A0A3713-68E5-4C04-BD41-7B8B1894B229}.Debug|x86.Build.0 = Debug|Any CPU
		{4A0A3713-68E5-4C04-BD41-7B8B1894B229}.Release|Any CPU.ActiveCfg = Release|Any CPU
		{4A0A3713-68E5-4C04-BD41-7B8B1894B229}.Release|Any CPU.Build.0 = Release|Any CPU
		{4A0A3713-68E5-4C04-BD41-7B8B1894B229}.Release|x64.ActiveCfg = Release|Any CPU
		{4A0A3713-68E5-4C04-BD41-7B8B1894B229}.Release|x64.Build.0 = Release|Any CPU
		{4A0A3713-68E5-4C04-BD41-7B8B1894B229}.Release|x86.ActiveCfg = Release|Any CPU
		{4A0A3713-68E5-4C04-BD41-7B8B1894B229}.Release|x86.Build.0 = Release|Any CPU
		{6F990CEF-3BDB-4291-A8FE-B7207BD7A1B1}.Debug|Any CPU.ActiveCfg = Debug|Any CPU
		{6F990CEF-3BDB-4291-A8FE-B7207BD7A1B1}.Debug|Any CPU.Build.0 = Debug|Any CPU
		{6F990CEF-3BDB-4291-A8FE-B7207BD7A1B1}.Debug|x64.ActiveCfg = Debug|Any CPU
		{6F990CEF-3BDB-4291-A8FE-B7207BD7A1B1}.Debug|x64.Build.0 = Debug|Any CPU
		{6F990CEF-3BDB-4291-A8FE-B7207BD7A1B1}.Debug|x86.ActiveCfg = Debug|Any CPU
		{6F990CEF-3BDB-4291-A8FE-B7207BD7A1B1}.Debug|x86.Build.0 = Debug|Any CPU
		{6F990CEF-3BDB-4291-A8FE-B7207BD7A1B1}.Release|Any CPU.ActiveCfg = Release|Any CPU
		{6F990CEF-3BDB-4291-A8FE-B7207BD7A1B1}.Release|Any CPU.Build.0 = Release|Any CPU
		{6F990CEF-3BDB-4291-A8FE-B7207BD7A1B1}.Release|x64.ActiveCfg = Release|Any CPU
		{6F990CEF-3BDB-4291-A8FE-B7207BD7A1B1}.Release|x64.Build.0 = Release|Any CPU
		{6F990CEF-3BDB-4291-A8FE-B7207BD7A1B1}.Release|x86.ActiveCfg = Release|Any CPU
		{6F990CEF-3BDB-4291-A8FE-B7207BD7A1B1}.Release|x86.Build.0 = Release|Any CPU
		{6A34EA8D-5630-47DD-8D6B-DB31021FE410}.Debug|Any CPU.ActiveCfg = Debug|Any CPU
		{6A34EA8D-5630-47DD-8D6B-DB31021FE410}.Debug|Any CPU.Build.0 = Debug|Any CPU
		{6A34EA8D-5630-47DD-8D6B-DB31021FE410}.Debug|x64.ActiveCfg = Debug|Any CPU
		{6A34EA8D-5630-47DD-8D6B-DB31021FE410}.Debug|x64.Build.0 = Debug|Any CPU
		{6A34EA8D-5630-47DD-8D6B-DB31021FE410}.Debug|x86.ActiveCfg = Debug|Any CPU
		{6A34EA8D-5630-47DD-8D6B-DB31021FE410}.Debug|x86.Build.0 = Debug|Any CPU
		{6A34EA8D-5630-47DD-8D6B-DB31021FE410}.Release|Any CPU.ActiveCfg = Release|Any CPU
		{6A34EA8D-5630-47DD-8D6B-DB31021FE410}.Release|Any CPU.Build.0 = Release|Any CPU
		{6A34EA8D-5630-47DD-8D6B-DB31021FE410}.Release|x64.ActiveCfg = Release|Any CPU
		{6A34EA8D-5630-47DD-8D6B-DB31021FE410}.Release|x64.Build.0 = Release|Any CPU
		{6A34EA8D-5630-47DD-8D6B-DB31021FE410}.Release|x86.ActiveCfg = Release|Any CPU
		{6A34EA8D-5630-47DD-8D6B-DB31021FE410}.Release|x86.Build.0 = Release|Any CPU
		{9D035AF0-4B7F-4B81-8BCA-5DE32A77209A}.Debug|Any CPU.ActiveCfg = Debug|Any CPU
		{9D035AF0-4B7F-4B81-8BCA-5DE32A77209A}.Debug|Any CPU.Build.0 = Debug|Any CPU
		{9D035AF0-4B7F-4B81-8BCA-5DE32A77209A}.Debug|x64.ActiveCfg = Debug|Any CPU
		{9D035AF0-4B7F-4B81-8BCA-5DE32A77209A}.Debug|x64.Build.0 = Debug|Any CPU
		{9D035AF0-4B7F-4B81-8BCA-5DE32A77209A}.Debug|x86.ActiveCfg = Debug|Any CPU
		{9D035AF0-4B7F-4B81-8BCA-5DE32A77209A}.Debug|x86.Build.0 = Debug|Any CPU
		{9D035AF0-4B7F-4B81-8BCA-5DE32A77209A}.Release|Any CPU.ActiveCfg = Release|Any CPU
		{9D035AF0-4B7F-4B81-8BCA-5DE32A77209A}.Release|Any CPU.Build.0 = Release|Any CPU
		{9D035AF0-4B7F-4B81-8BCA-5DE32A77209A}.Release|x64.ActiveCfg = Release|Any CPU
		{9D035AF0-4B7F-4B81-8BCA-5DE32A77209A}.Release|x64.Build.0 = Release|Any CPU
		{9D035AF0-4B7F-4B81-8BCA-5DE32A77209A}.Release|x86.ActiveCfg = Release|Any CPU
		{9D035AF0-4B7F-4B81-8BCA-5DE32A77209A}.Release|x86.Build.0 = Release|Any CPU
		{0623196E-A50C-4F4C-AF32-4ED0A0C7DE4D}.Debug|Any CPU.ActiveCfg = Debug|Any CPU
		{0623196E-A50C-4F4C-AF32-4ED0A0C7DE4D}.Debug|Any CPU.Build.0 = Debug|Any CPU
		{0623196E-A50C-4F4C-AF32-4ED0A0C7DE4D}.Debug|x64.ActiveCfg = Debug|Any CPU
		{0623196E-A50C-4F4C-AF32-4ED0A0C7DE4D}.Debug|x64.Build.0 = Debug|Any CPU
		{0623196E-A50C-4F4C-AF32-4ED0A0C7DE4D}.Debug|x86.ActiveCfg = Debug|Any CPU
		{0623196E-A50C-4F4C-AF32-4ED0A0C7DE4D}.Debug|x86.Build.0 = Debug|Any CPU
		{0623196E-A50C-4F4C-AF32-4ED0A0C7DE4D}.Release|Any CPU.ActiveCfg = Release|Any CPU
		{0623196E-A50C-4F4C-AF32-4ED0A0C7DE4D}.Release|Any CPU.Build.0 = Release|Any CPU
		{0623196E-A50C-4F4C-AF32-4ED0A0C7DE4D}.Release|x64.ActiveCfg = Release|Any CPU
		{0623196E-A50C-4F4C-AF32-4ED0A0C7DE4D}.Release|x64.Build.0 = Release|Any CPU
		{0623196E-A50C-4F4C-AF32-4ED0A0C7DE4D}.Release|x86.ActiveCfg = Release|Any CPU
		{0623196E-A50C-4F4C-AF32-4ED0A0C7DE4D}.Release|x86.Build.0 = Release|Any CPU
		{67DABB85-8995-4550-840C-754E1B992428}.Debug|Any CPU.ActiveCfg = Debug|Any CPU
		{67DABB85-8995-4550-840C-754E1B992428}.Debug|Any CPU.Build.0 = Debug|Any CPU
		{67DABB85-8995-4550-840C-754E1B992428}.Debug|x64.ActiveCfg = Debug|Any CPU
		{67DABB85-8995-4550-840C-754E1B992428}.Debug|x64.Build.0 = Debug|Any CPU
		{67DABB85-8995-4550-840C-754E1B992428}.Debug|x86.ActiveCfg = Debug|Any CPU
		{67DABB85-8995-4550-840C-754E1B992428}.Debug|x86.Build.0 = Debug|Any CPU
		{67DABB85-8995-4550-840C-754E1B992428}.Release|Any CPU.ActiveCfg = Release|Any CPU
		{67DABB85-8995-4550-840C-754E1B992428}.Release|Any CPU.Build.0 = Release|Any CPU
		{67DABB85-8995-4550-840C-754E1B992428}.Release|x64.ActiveCfg = Release|Any CPU
		{67DABB85-8995-4550-840C-754E1B992428}.Release|x64.Build.0 = Release|Any CPU
		{67DABB85-8995-4550-840C-754E1B992428}.Release|x86.ActiveCfg = Release|Any CPU
		{67DABB85-8995-4550-840C-754E1B992428}.Release|x86.Build.0 = Release|Any CPU
		{74DD37C7-420C-4790-BF4C-EA59B0D19ED5}.Debug|Any CPU.ActiveCfg = Debug|Any CPU
		{74DD37C7-420C-4790-BF4C-EA59B0D19ED5}.Debug|Any CPU.Build.0 = Debug|Any CPU
		{74DD37C7-420C-4790-BF4C-EA59B0D19ED5}.Debug|x64.ActiveCfg = Debug|Any CPU
		{74DD37C7-420C-4790-BF4C-EA59B0D19ED5}.Debug|x64.Build.0 = Debug|Any CPU
		{74DD37C7-420C-4790-BF4C-EA59B0D19ED5}.Debug|x86.ActiveCfg = Debug|Any CPU
		{74DD37C7-420C-4790-BF4C-EA59B0D19ED5}.Debug|x86.Build.0 = Debug|Any CPU
		{74DD37C7-420C-4790-BF4C-EA59B0D19ED5}.Release|Any CPU.ActiveCfg = Release|Any CPU
		{74DD37C7-420C-4790-BF4C-EA59B0D19ED5}.Release|Any CPU.Build.0 = Release|Any CPU
		{74DD37C7-420C-4790-BF4C-EA59B0D19ED5}.Release|x64.ActiveCfg = Release|Any CPU
		{74DD37C7-420C-4790-BF4C-EA59B0D19ED5}.Release|x64.Build.0 = Release|Any CPU
		{74DD37C7-420C-4790-BF4C-EA59B0D19ED5}.Release|x86.ActiveCfg = Release|Any CPU
		{74DD37C7-420C-4790-BF4C-EA59B0D19ED5}.Release|x86.Build.0 = Release|Any CPU
		{4C3E822B-F735-41A2-A487-DD46D8AE5F8D}.Debug|Any CPU.ActiveCfg = Debug|Any CPU
		{4C3E822B-F735-41A2-A487-DD46D8AE5F8D}.Debug|Any CPU.Build.0 = Debug|Any CPU
		{4C3E822B-F735-41A2-A487-DD46D8AE5F8D}.Debug|x64.ActiveCfg = Debug|Any CPU
		{4C3E822B-F735-41A2-A487-DD46D8AE5F8D}.Debug|x64.Build.0 = Debug|Any CPU
		{4C3E822B-F735-41A2-A487-DD46D8AE5F8D}.Debug|x86.ActiveCfg = Debug|Any CPU
		{4C3E822B-F735-41A2-A487-DD46D8AE5F8D}.Debug|x86.Build.0 = Debug|Any CPU
		{4C3E822B-F735-41A2-A487-DD46D8AE5F8D}.Release|Any CPU.ActiveCfg = Release|Any CPU
		{4C3E822B-F735-41A2-A487-DD46D8AE5F8D}.Release|Any CPU.Build.0 = Release|Any CPU
		{4C3E822B-F735-41A2-A487-DD46D8AE5F8D}.Release|x64.ActiveCfg = Release|Any CPU
		{4C3E822B-F735-41A2-A487-DD46D8AE5F8D}.Release|x64.Build.0 = Release|Any CPU
		{4C3E822B-F735-41A2-A487-DD46D8AE5F8D}.Release|x86.ActiveCfg = Release|Any CPU
		{4C3E822B-F735-41A2-A487-DD46D8AE5F8D}.Release|x86.Build.0 = Release|Any CPU
	EndGlobalSection
	GlobalSection(SolutionProperties) = preSolution
		HideSolutionNode = FALSE
	EndGlobalSection
	GlobalSection(NestedProjects) = preSolution
		{67DABB85-8995-4550-840C-754E1B992428} = {0AB3BF05-4346-4AA6-1389-037BE0695223}
		{4C3E822B-F735-41A2-A487-DD46D8AE5F8D} = {0AB3BF05-4346-4AA6-1389-037BE0695223}
	EndGlobalSection
EndGlobal
